
Microsoft Visual Studio Solution File, Format Version 12.00
# Visual Studio Version 17
VisualStudioVersion = 17.12.35527.113 d17.12
MinimumVisualStudioVersion = 10.0.40219.1
Project("{F2A71F9B-5D33-465A-A702-920D77279786}") = "pl3", "pl3\pl3.fsproj", "{B9992C86-2479-4FE7-95A1-EDBB3C3924DB}"
EndProject
Global
	GlobalSection(SolutionConfigurationPlatforms) = preSolution
		Debug|Any CPU = Debug|Any CPU
		Release|Any CPU = Release|Any CPU
	EndGlobalSection
	GlobalSection(ProjectConfigurationPlatforms) = postSolution
		{B9992C86-2479-4FE7-95A1-EDBB3C3924DB}.Debug|Any CPU.ActiveCfg = Debug|Any CPU
		{B9992C86-2479-4FE7-95A1-EDBB3C3924DB}.Debug|Any CPU.Build.0 = Debug|Any CPU
		{B9992C86-2479-4FE7-95A1-EDBB3C3924DB}.Release|Any CPU.ActiveCfg = Release|Any CPU
		{B9992C86-2479-4FE7-95A1-EDBB3C3924DB}.Release|Any CPU.Build.0 = Release|Any CPU
	EndGlobalSection
	GlobalSection(SolutionProperties) = preSolution
		HideSolutionNode = FALSE
	EndGlobalSection
EndGlobal
